
Microsoft Visual Studio Solution File, Format Version 12.00
# Visual Studio Version 17
VisualStudioVersion = 17.8.34309.116
MinimumVisualStudioVersion = 10.0.40219.1
Project("{FAE04EC0-301F-11D3-BF4B-00C04F79EFBC}") = "WebApplication7", "WebApplication7\WebApplication7.csproj", "{143E783B-3DAE-4264-94F0-2BDF9002854C}"
EndProject
Global
	GlobalSection(SolutionConfigurationPlatforms) = preSolution
		Debug|Any CPU = Debug|Any CPU
		Release|Any CPU = Release|Any CPU
	EndGlobalSection
	GlobalSection(ProjectConfigurationPlatforms) = postSolution
		{143E783B-3DAE-4264-94F0-2BDF9002854C}.Debug|Any CPU.ActiveCfg = Debug|Any CPU
		{143E783B-3DAE-4264-94F0-2BDF9002854C}.Debug|Any CPU.Build.0 = Debug|Any CPU
		{143E783B-3DAE-4264-94F0-2BDF9002854C}.Release|Any CPU.ActiveCfg = Release|Any CPU
		{143E783B-3DAE-4264-94F0-2BDF9002854C}.Release|Any CPU.Build.0 = Release|Any CPU
	EndGlobalSection
	GlobalSection(SolutionProperties) = preSolution
		HideSolutionNode = FALSE
	EndGlobalSection
	GlobalSection(ExtensibilityGlobals) = postSolution
		SolutionGuid = {C47EAA91-0989-43C3-95F7-E85E1F72618D}
	EndGlobalSection
EndGlobal
